
Microsoft Visual Studio Solution File, Format Version 12.00
# Visual Studio Version 16
VisualStudioVersion = 16.0.30204.135
MinimumVisualStudioVersion = 10.0.40219.1
Project("{FAE04EC0-301F-11D3-BF4B-00C04F79EFBC}") = "AlgoritmosEstruturaDados.I.Dicionario", "AlgoritmosEstruturaDados.I.Dicionario\AlgoritmosEstruturaDados.I.Dicionario.csproj", "{1276A53C-0FB7-42B9-BE99-DF4AAE11B7D8}"
EndProject
Global
	GlobalSection(SolutionConfigurationPlatforms) = preSolution
		Debug|Any CPU = Debug|Any CPU
		Release|Any CPU = Release|Any CPU
	EndGlobalSection
	GlobalSection(ProjectConfigurationPlatforms) = postSolution
		{1276A53C-0FB7-42B9-BE99-DF4AAE11B7D8}.Debug|Any CPU.ActiveCfg = Debug|Any CPU
		{1276A53C-0FB7-42B9-BE99-DF4AAE11B7D8}.Debug|Any CPU.Build.0 = Debug|Any CPU
		{1276A53C-0FB7-42B9-BE99-DF4AAE11B7D8}.Release|Any CPU.ActiveCfg = Release|Any CPU
		{1276A53C-0FB7-42B9-BE99-DF4AAE11B7D8}.Release|Any CPU.Build.0 = Release|Any CPU
	EndGlobalSection
	GlobalSection(SolutionProperties) = preSolution
		HideSolutionNode = FALSE
	EndGlobalSection
	GlobalSection(ExtensibilityGlobals) = postSolution
		SolutionGuid = {A2D8F89E-A599-457F-A86E-EE791E142DC3}
	EndGlobalSection
EndGlobal
